
Microsoft Visual Studio Solution File, Format Version 12.00
# Visual Studio 15
VisualStudioVersion = 15.0.27130.2010
MinimumVisualStudioVersion = 10.0.40219.1
Project("{FAE04EC0-301F-11D3-BF4B-00C04F79EFBC}") = "Othello", "Othello\Othello.csproj", "{DB300397-A5F1-4CC1-81FA-CDE24DF1569D}"
EndProject
Project("{FAE04EC0-301F-11D3-BF4B-00C04F79EFBC}") = "Othello_G3", "IPlayable\Othello_G3.csproj", "{BA3EE494-56E3-470E-AACF-CB0577BE0EB6}"
EndProject
Project("{FAE04EC0-301F-11D3-BF4B-00C04F79EFBC}") = "ConsoleMain", "ConsoleMain\ConsoleMain.csproj", "{3901E8C2-234C-4402-B014-5B45131D95AA}"
EndProject
Global
	GlobalSection(SolutionConfigurationPlatforms) = preSolution
		Debug|Any CPU = Debug|Any CPU
		Release|Any CPU = Release|Any CPU
	EndGlobalSection
	GlobalSection(ProjectConfigurationPlatforms) = postSolution
		{DB300397-A5F1-4CC1-81FA-CDE24DF1569D}.Debug|Any CPU.ActiveCfg = Debug|Any CPU
		{DB300397-A5F1-4CC1-81FA-CDE24DF1569D}.Debug|Any CPU.Build.0 = Debug|Any CPU
		{DB300397-A5F1-4CC1-81FA-CDE24DF1569D}.Release|Any CPU.ActiveCfg = Release|Any CPU
		{DB300397-A5F1-4CC1-81FA-CDE24DF1569D}.Release|Any CPU.Build.0 = Release|Any CPU
		{BA3EE494-56E3-470E-AACF-CB0577BE0EB6}.Debug|Any CPU.ActiveCfg = Debug|Any CPU
		{BA3EE494-56E3-470E-AACF-CB0577BE0EB6}.Debug|Any CPU.Build.0 = Debug|Any CPU
		{BA3EE494-56E3-470E-AACF-CB0577BE0EB6}.Release|Any CPU.ActiveCfg = Release|Any CPU
		{BA3EE494-56E3-470E-AACF-CB0577BE0EB6}.Release|Any CPU.Build.0 = Release|Any CPU
		{3901E8C2-234C-4402-B014-5B45131D95AA}.Debug|Any CPU.ActiveCfg = Debug|Any CPU
		{3901E8C2-234C-4402-B014-5B45131D95AA}.Debug|Any CPU.Build.0 = Debug|Any CPU
		{3901E8C2-234C-4402-B014-5B45131D95AA}.Release|Any CPU.ActiveCfg = Release|Any CPU
		{3901E8C2-234C-4402-B014-5B45131D95AA}.Release|Any CPU.Build.0 = Release|Any CPU
	EndGlobalSection
	GlobalSection(SolutionProperties) = preSolution
		HideSolutionNode = FALSE
	EndGlobalSection
	GlobalSection(ExtensibilityGlobals) = postSolution
		SolutionGuid = {BBF005DA-9B64-4698-9C42-E8D9EB3EEC26}
	EndGlobalSection
EndGlobal
